
Microsoft Visual Studio Solution File, Format Version 12.00
# Visual Studio 2013
VisualStudioVersion = 12.0.30501.0
MinimumVisualStudioVersion = 10.0.40219.1
Project("{FAE04EC0-301F-11D3-BF4B-00C04F79EFBC}") = "CalcMethods3._2", "CalcMethods3.2\CalcMethods3._2.csproj", "{48448AC9-C154-4431-988E-12ACAF72067D}"
EndProject
Project("{FAE04EC0-301F-11D3-BF4B-00C04F79EFBC}") = "UnitTestProject1", "UnitTestProject1\UnitTestProject1.csproj", "{A7258943-30D1-4519-96A5-87B045F969D9}"
EndProject
Project("{FAE04EC0-301F-11D3-BF4B-00C04F79EFBC}") = "DirichletProblem", "DirichletProblem\DirichletProblem.csproj", "{D64B8094-E8A2-4685-B76F-D4B60336A406}"
EndProject
Global
	GlobalSection(SolutionConfigurationPlatforms) = preSolution
		Debug|Any CPU = Debug|Any CPU
		Release|Any CPU = Release|Any CPU
	EndGlobalSection
	GlobalSection(ProjectConfigurationPlatforms) = postSolution
		{48448AC9-C154-4431-988E-12ACAF72067D}.Debug|Any CPU.ActiveCfg = Debug|Any CPU
		{48448AC9-C154-4431-988E-12ACAF72067D}.Debug|Any CPU.Build.0 = Debug|Any CPU
		{48448AC9-C154-4431-988E-12ACAF72067D}.Release|Any CPU.ActiveCfg = Release|Any CPU
		{48448AC9-C154-4431-988E-12ACAF72067D}.Release|Any CPU.Build.0 = Release|Any CPU
		{A7258943-30D1-4519-96A5-87B045F969D9}.Debug|Any CPU.ActiveCfg = Debug|Any CPU
		{A7258943-30D1-4519-96A5-87B045F969D9}.Debug|Any CPU.Build.0 = Debug|Any CPU
		{A7258943-30D1-4519-96A5-87B045F969D9}.Release|Any CPU.ActiveCfg = Release|Any CPU
		{A7258943-30D1-4519-96A5-87B045F969D9}.Release|Any CPU.Build.0 = Release|Any CPU
		{D64B8094-E8A2-4685-B76F-D4B60336A406}.Debug|Any CPU.ActiveCfg = Debug|Any CPU
		{D64B8094-E8A2-4685-B76F-D4B60336A406}.Debug|Any CPU.Build.0 = Debug|Any CPU
		{D64B8094-E8A2-4685-B76F-D4B60336A406}.Release|Any CPU.ActiveCfg = Release|Any CPU
		{D64B8094-E8A2-4685-B76F-D4B60336A406}.Release|Any CPU.Build.0 = Release|Any CPU
	EndGlobalSection
	GlobalSection(SolutionProperties) = preSolution
		HideSolutionNode = FALSE
	EndGlobalSection
EndGlobal
